
Microsoft Visual Studio Solution File, Format Version 12.00
# Visual Studio Version 16
VisualStudioVersion = 16.0.29613.14
MinimumVisualStudioVersion = 10.0.40219.1
Project("{9A19103F-16F7-4668-BE54-9A1E7A4F7556}") = "AdoNetTest", "AdoNetTest\AdoNetTest.csproj", "{2D1C3537-14D3-4A28-8EC7-E19E977AE9FD}"
EndProject
Project("{9A19103F-16F7-4668-BE54-9A1E7A4F7556}") = "VilianNames02", "VilianNames02\VilianNames02.csproj", "{750AA11C-CB74-46F9-8728-EDB01ADD0EE3}"
EndProject
Project("{9A19103F-16F7-4668-BE54-9A1E7A4F7556}") = "RemoveVillian06", "RemoveVillian06\RemoveVillian06.csproj", "{FE8FFB6F-90C6-42AA-A7C6-E13C7D82AC50}"
EndProject
Project("{9A19103F-16F7-4668-BE54-9A1E7A4F7556}") = "MinionNames03", "MinionNames03\MinionNames03.csproj", "{CE165F9F-7696-4B9C-958F-AF41A53AB731}"
EndProject
Project("{FAE04EC0-301F-11D3-BF4B-00C04F79EFBC}") = "AddMinion04", "AddMinion04\AddMinion04.csproj", "{E96B294B-879B-4B91-BCBB-8221DF748BDB}"
EndProject
Project("{FAE04EC0-301F-11D3-BF4B-00C04F79EFBC}") = "ChangeTownNamesCasing05", "ChangeTownNamesCasing05\ChangeTownNamesCasing05.csproj", "{66329A56-E176-47AE-AE31-80543EA8FD65}"
EndProject
Project("{FAE04EC0-301F-11D3-BF4B-00C04F79EFBC}") = "PrintAllMinionNames07", "PrintAllMinionNames07\PrintAllMinionNames07.csproj", "{2456831B-2905-4F03-AC2E-6A2594C7941F}"
EndProject
Project("{FAE04EC0-301F-11D3-BF4B-00C04F79EFBC}") = "IncreaseMinionAge08", "IncreaseMinionAge08\IncreaseMinionAge08.csproj", "{783C153C-B5A2-4690-BFE3-EB769F8BFF9B}"
EndProject
Project("{FAE04EC0-301F-11D3-BF4B-00C04F79EFBC}") = "IncreaseAgeStoredProcedure09", "IncreaseAgeStoredProcedure09\IncreaseAgeStoredProcedure09.csproj", "{723E8AEF-1AD6-412A-8591-49D4F5E25586}"
EndProject
Global
	GlobalSection(SolutionConfigurationPlatforms) = preSolution
		Debug|Any CPU = Debug|Any CPU
		Release|Any CPU = Release|Any CPU
	EndGlobalSection
	GlobalSection(ProjectConfigurationPlatforms) = postSolution
		{2D1C3537-14D3-4A28-8EC7-E19E977AE9FD}.Debug|Any CPU.ActiveCfg = Debug|Any CPU
		{2D1C3537-14D3-4A28-8EC7-E19E977AE9FD}.Debug|Any CPU.Build.0 = Debug|Any CPU
		{2D1C3537-14D3-4A28-8EC7-E19E977AE9FD}.Release|Any CPU.ActiveCfg = Release|Any CPU
		{2D1C3537-14D3-4A28-8EC7-E19E977AE9FD}.Release|Any CPU.Build.0 = Release|Any CPU
		{750AA11C-CB74-46F9-8728-EDB01ADD0EE3}.Debug|Any CPU.ActiveCfg = Debug|Any CPU
		{750AA11C-CB74-46F9-8728-EDB01ADD0EE3}.Debug|Any CPU.Build.0 = Debug|Any CPU
		{750AA11C-CB74-46F9-8728-EDB01ADD0EE3}.Release|Any CPU.ActiveCfg = Release|Any CPU
		{750AA11C-CB74-46F9-8728-EDB01ADD0EE3}.Release|Any CPU.Build.0 = Release|Any CPU
		{FE8FFB6F-90C6-42AA-A7C6-E13C7D82AC50}.Debug|Any CPU.ActiveCfg = Debug|Any CPU
		{FE8FFB6F-90C6-42AA-A7C6-E13C7D82AC50}.Debug|Any CPU.Build.0 = Debug|Any CPU
		{FE8FFB6F-90C6-42AA-A7C6-E13C7D82AC50}.Release|Any CPU.ActiveCfg = Release|Any CPU
		{FE8FFB6F-90C6-42AA-A7C6-E13C7D82AC50}.Release|Any CPU.Build.0 = Release|Any CPU
		{CE165F9F-7696-4B9C-958F-AF41A53AB731}.Debug|Any CPU.ActiveCfg = Debug|Any CPU
		{CE165F9F-7696-4B9C-958F-AF41A53AB731}.Debug|Any CPU.Build.0 = Debug|Any CPU
		{CE165F9F-7696-4B9C-958F-AF41A53AB731}.Release|Any CPU.ActiveCfg = Release|Any CPU
		{CE165F9F-7696-4B9C-958F-AF41A53AB731}.Release|Any CPU.Build.0 = Release|Any CPU
		{E96B294B-879B-4B91-BCBB-8221DF748BDB}.Debug|Any CPU.ActiveCfg = Debug|Any CPU
		{E96B294B-879B-4B91-BCBB-8221DF748BDB}.Debug|Any CPU.Build.0 = Debug|Any CPU
		{E96B294B-879B-4B91-BCBB-8221DF748BDB}.Release|Any CPU.ActiveCfg = Release|Any CPU
		{E96B294B-879B-4B91-BCBB-8221DF748BDB}.Release|Any CPU.Build.0 = Release|Any CPU
		{66329A56-E176-47AE-AE31-80543EA8FD65}.Debug|Any CPU.ActiveCfg = Debug|Any CPU
		{66329A56-E176-47AE-AE31-80543EA8FD65}.Debug|Any CPU.Build.0 = Debug|Any CPU
		{66329A56-E176-47AE-AE31-80543EA8FD65}.Release|Any CPU.ActiveCfg = Release|Any CPU
		{66329A56-E176-47AE-AE31-80543EA8FD65}.Release|Any CPU.Build.0 = Release|Any CPU
		{2456831B-2905-4F03-AC2E-6A2594C7941F}.Debug|Any CPU.ActiveCfg = Debug|Any CPU
		{2456831B-2905-4F03-AC2E-6A2594C7941F}.Debug|Any CPU.Build.0 = Debug|Any CPU
		{2456831B-2905-4F03-AC2E-6A2594C7941F}.Release|Any CPU.ActiveCfg = Release|Any CPU
		{2456831B-2905-4F03-AC2E-6A2594C7941F}.Release|Any CPU.Build.0 = Release|Any CPU
		{783C153C-B5A2-4690-BFE3-EB769F8BFF9B}.Debug|Any CPU.ActiveCfg = Debug|Any CPU
		{783C153C-B5A2-4690-BFE3-EB769F8BFF9B}.Debug|Any CPU.Build.0 = Debug|Any CPU
		{783C153C-B5A2-4690-BFE3-EB769F8BFF9B}.Release|Any CPU.ActiveCfg = Release|Any CPU
		{783C153C-B5A2-4690-BFE3-EB769F8BFF9B}.Release|Any CPU.Build.0 = Release|Any CPU
		{723E8AEF-1AD6-412A-8591-49D4F5E25586}.Debug|Any CPU.ActiveCfg = Debug|Any CPU
		{723E8AEF-1AD6-412A-8591-49D4F5E25586}.Debug|Any CPU.Build.0 = Debug|Any CPU
		{723E8AEF-1AD6-412A-8591-49D4F5E25586}.Release|Any CPU.ActiveCfg = Release|Any CPU
		{723E8AEF-1AD6-412A-8591-49D4F5E25586}.Release|Any CPU.Build.0 = Release|Any CPU
	EndGlobalSection
	GlobalSection(SolutionProperties) = preSolution
		HideSolutionNode = FALSE
	EndGlobalSection
	GlobalSection(ExtensibilityGlobals) = postSolution
		SolutionGuid = {FAC2FDD4-1248-4E17-A1A7-2194709A7791}
	EndGlobalSection
EndGlobal
